
Microsoft Visual Studio Solution File, Format Version 12.00
# Visual Studio Version 17
VisualStudioVersion = 17.0.32014.148
MinimumVisualStudioVersion = 10.0.40219.1
Project("{9A19103F-16F7-4668-BE54-9A1E7A4F7556}") = "Treinamento.Versatile.UIAutomatedTesting", "Treinamento.Versality.JIautomatedTesting\Treinamento.Versatile.UIAutomatedTesting.csproj", "{CBCD2ACC-38FA-47A2-BB17-32F37191BF21}"
EndProject
Global
	GlobalSection(SolutionConfigurationPlatforms) = preSolution
		Debug|Any CPU = Debug|Any CPU
		Release|Any CPU = Release|Any CPU
	EndGlobalSection
	GlobalSection(ProjectConfigurationPlatforms) = postSolution
		{CBCD2ACC-38FA-47A2-BB17-32F37191BF21}.Debug|Any CPU.ActiveCfg = Debug|Any CPU
		{CBCD2ACC-38FA-47A2-BB17-32F37191BF21}.Debug|Any CPU.Build.0 = Debug|Any CPU
		{CBCD2ACC-38FA-47A2-BB17-32F37191BF21}.Release|Any CPU.ActiveCfg = Release|Any CPU
		{CBCD2ACC-38FA-47A2-BB17-32F37191BF21}.Release|Any CPU.Build.0 = Release|Any CPU
	EndGlobalSection
	GlobalSection(SolutionProperties) = preSolution
		HideSolutionNode = FALSE
	EndGlobalSection
	GlobalSection(ExtensibilityGlobals) = postSolution
		SolutionGuid = {B305AD9C-54AA-4D9E-A57B-9612FEE476DB}
	EndGlobalSection
EndGlobal
